
Microsoft Visual Studio Solution File, Format Version 12.00
# Visual Studio Version 17
VisualStudioVersion = 17.9.34622.214
MinimumVisualStudioVersion = 10.0.40219.1
Project("{9A19103F-16F7-4668-BE54-9A1E7A4F7556}") = "Stock", "Stock\Stock.csproj", "{7A33101E-2175-4F82-B246-50F00BCB0643}"
EndProject
Project("{9A19103F-16F7-4668-BE54-9A1E7A4F7556}") = "Stock.Core", "Stock.Core\Stock.Core.csproj", "{8BD1A4E4-CE3D-47D9-BB99-8C445B258BD4}"
EndProject
Project("{9A19103F-16F7-4668-BE54-9A1E7A4F7556}") = "Stock.UnitTests", "Stock.UnitTests\Stock.UnitTests.csproj", "{4F4D6B6A-2273-43DB-A29E-10496E37A45F}"
EndProject
Project("{9A19103F-16F7-4668-BE54-9A1E7A4F7556}") = "Stock.Infrastructure", "Stock.Infrastructure\Stock.Infrastructure.csproj", "{CA7C9537-89B9-4CEB-B0E5-FFB28B6206F5}"
EndProject
Global
	GlobalSection(SolutionConfigurationPlatforms) = preSolution
		Debug|Any CPU = Debug|Any CPU
		Release|Any CPU = Release|Any CPU
	EndGlobalSection
	GlobalSection(ProjectConfigurationPlatforms) = postSolution
		{7A33101E-2175-4F82-B246-50F00BCB0643}.Debug|Any CPU.ActiveCfg = Debug|Any CPU
		{7A33101E-2175-4F82-B246-50F00BCB0643}.Debug|Any CPU.Build.0 = Debug|Any CPU
		{7A33101E-2175-4F82-B246-50F00BCB0643}.Release|Any CPU.ActiveCfg = Release|Any CPU
		{7A33101E-2175-4F82-B246-50F00BCB0643}.Release|Any CPU.Build.0 = Release|Any CPU
		{8BD1A4E4-CE3D-47D9-BB99-8C445B258BD4}.Debug|Any CPU.ActiveCfg = Debug|Any CPU
		{8BD1A4E4-CE3D-47D9-BB99-8C445B258BD4}.Debug|Any CPU.Build.0 = Debug|Any CPU
		{8BD1A4E4-CE3D-47D9-BB99-8C445B258BD4}.Release|Any CPU.ActiveCfg = Release|Any CPU
		{8BD1A4E4-CE3D-47D9-BB99-8C445B258BD4}.Release|Any CPU.Build.0 = Release|Any CPU
		{4F4D6B6A-2273-43DB-A29E-10496E37A45F}.Debug|Any CPU.ActiveCfg = Debug|Any CPU
		{4F4D6B6A-2273-43DB-A29E-10496E37A45F}.Debug|Any CPU.Build.0 = Debug|Any CPU
		{4F4D6B6A-2273-43DB-A29E-10496E37A45F}.Release|Any CPU.ActiveCfg = Release|Any CPU
		{4F4D6B6A-2273-43DB-A29E-10496E37A45F}.Release|Any CPU.Build.0 = Release|Any CPU
		{CA7C9537-89B9-4CEB-B0E5-FFB28B6206F5}.Debug|Any CPU.ActiveCfg = Debug|Any CPU
		{CA7C9537-89B9-4CEB-B0E5-FFB28B6206F5}.Debug|Any CPU.Build.0 = Debug|Any CPU
		{CA7C9537-89B9-4CEB-B0E5-FFB28B6206F5}.Release|Any CPU.ActiveCfg = Release|Any CPU
		{CA7C9537-89B9-4CEB-B0E5-FFB28B6206F5}.Release|Any CPU.Build.0 = Release|Any CPU
	EndGlobalSection
	GlobalSection(SolutionProperties) = preSolution
		HideSolutionNode = FALSE
	EndGlobalSection
	GlobalSection(ExtensibilityGlobals) = postSolution
		SolutionGuid = {910DCC8C-F411-4F2C-9000-14EEA115D7DF}
	EndGlobalSection
EndGlobal
